// !$*UTF8*$!
{
	archiveVersion = 1;
	classes = {
	};
	objectVersion = 55;
	objects = {

/* Begin PBXBuildFile section */
		804F335E27A1E90C0093F4CC /* calculatorApp.swift in Sources */ = {isa = PBXBuildFile; fileRef = 804F335D27A1E90C0093F4CC /* calculatorApp.swift */; };
		804F336027A1E90C0093F4CC /* ContentView.swift in Sources */ = {isa = PBXBuildFile; fileRef = 804F335F27A1E90C0093F4CC /* ContentView.swift */; };
		804F336227A1E90D0093F4CC /* Assets.xcassets in Resources */ = {isa = PBXBuildFile; fileRef = 804F336127A1E90D0093F4CC /* Assets.xcassets */; };
		804F336527A1E90D0093F4CC /* Preview Assets.xcassets in Resources */ = {isa = PBXBuildFile; fileRef = 804F336427A1E90D0093F4CC /* Preview Assets.xcassets */; };
		804F336F27A1E90D0093F4CC /* calculatorTests.swift in Sources */ = {isa = PBXBuildFile; fileRef = 804F336E27A1E90D0093F4CC /* calculatorTests.swift */; };
		804F337927A1E90D0093F4CC /* calculatorUITests.swift in Sources */ = {isa = PBXBuildFile; fileRef = 804F337827A1E90D0093F4CC /* calculatorUITests.swift */; };
		804F337B27A1E90D0093F4CC /* calculatorUITestsLaunchTests.swift in Sources */ = {isa = PBXBuildFile; fileRef = 804F337A27A1E90D0093F4CC /* calculatorUITestsLaunchTests.swift */; };
		80E0A5F727A57A28008AC2FA /* buttons.swift in Sources */ = {isa = PBXBuildFile; fileRef = 80E0A5F627A57A28008AC2FA /* buttons.swift */; };
		80E0A5F927A57A3F008AC2FA /* ButtonsView.swift in Sources */ = {isa = PBXBuildFile; fileRef = 80E0A5F827A57A3F008AC2FA /* ButtonsView.swift */; };
		80E0A5FB27A57A73008AC2FA /* ContentView-2.swift in Sources */ = {isa = PBXBuildFile; fileRef = 80E0A5FA27A57A73008AC2FA /* ContentView-2.swift */; };
/* End PBXBuildFile section */

/* Begin PBXContainerItemProxy section */
		804F336B27A1E90D0093F4CC /* PBXContainerItemProxy */ = {
			isa = PBXContainerItemProxy;
			containerPortal = 804F335227A1E90C0093F4CC /* Project object */;
			proxyType = 1;
			remoteGlobalIDString = 804F335927A1E90C0093F4CC;
			remoteInfo = calculator;
		};
		804F337527A1E90D0093F4CC /* PBXContainerItemProxy */ = {
			isa = PBXContainerItemProxy;
			containerPortal = 804F335227A1E90C0093F4CC /* Project object */;
			proxyType = 1;
			remoteGlobalIDString = 804F335927A1E90C0093F4CC;
			remoteInfo = calculator;
		};
/* End PBXContainerItemProxy section */

/* Begin PBXFileReference section */
		804F335A27A1E90C0093F4CC /* calculator.app */ = {isa = PBXFileReference; explicitFileType = wrapper.application; includeInIndex = 0; path = calculator.app; sourceTree = BUILT_PRODUCTS_DIR; };
		804F335D27A1E90C0093F4CC /* calculatorApp.swift */ = {isa = PBXFileReference; lastKnownFileType = sourcecode.swift; path = calculatorApp.swift; sourceTree = "<group>"; };
		804F335F27A1E90C0093F4CC /* ContentView.swift */ = {isa = PBXFileReference; lastKnownFileType = sourcecode.swift; path = ContentView.swift; sourceTree = "<group>"; };
		804F336127A1E90D0093F4CC /* Assets.xcassets */ = {isa = PBXFileReference; lastKnownFileType = folder.assetcatalog; path = Assets.xcassets; sourceTree = "<group>"; };
		804F336427A1E90D0093F4CC /* Preview Assets.xcassets */ = {isa = PBXFileReference; lastKnownFileType = folder.assetcatalog; path = "Preview Assets.xcassets"; sourceTree = "<group>"; };
		804F336A27A1E90D0093F4CC /* calculatorTests.xctest */ = {isa = PBXFileReference; explicitFileType = wrapper.cfbundle; includeInIndex = 0; path = calculatorTests.xctest; sourceTree = BUILT_PRODUCTS_DIR; };
		804F336E27A1E90D0093F4CC /* calculatorTests.swift */ = {isa = PBXFileReference; lastKnownFileType = sourcecode.swift; path = calculatorTests.swift; sourceTree = "<group>"; };
		804F337427A1E90D0093F4CC /* calculatorUITests.xctest */ = {isa = PBXFileReference; explicitFileType = wrapper.cfbundle; includeInIndex = 0; path = calculatorUITests.xctest; sourceTree = BUILT_PRODUCTS_DIR; };
		804F337827A1E90D0093F4CC /* calculatorUITests.swift */ = {isa = PBXFileReference; lastKnownFileType = sourcecode.swift; path = calculatorUITests.swift; sourceTree = "<group>"; };
		804F337A27A1E90D0093F4CC /* calculatorUITestsLaunchTests.swift */ = {isa = PBXFileReference; lastKnownFileType = sourcecode.swift; path = calculatorUITestsLaunchTests.swift; sourceTree = "<group>"; };
		80E0A5F627A57A28008AC2FA /* buttons.swift */ = {isa = PBXFileReference; lastKnownFileType = sourcecode.swift; path = buttons.swift; sourceTree = "<group>"; };
		80E0A5F827A57A3F008AC2FA /* ButtonsView.swift */ = {isa = PBXFileReference; lastKnownFileType = sourcecode.swift; path = ButtonsView.swift; sourceTree = "<group>"; };
		80E0A5FA27A57A73008AC2FA /* ContentView-2.swift */ = {isa = PBXFileReference; lastKnownFileType = sourcecode.swift; path = "ContentView-2.swift"; sourceTree = "<group>"; };
/* End PBXFileReference section */

/* Begin PBXFrameworksBuildPhase section */
		804F335727A1E90C0093F4CC /* Frameworks */ = {
			isa = PBXFrameworksBuildPhase;
			buildActionMask = 2147483647;
			files = (
			);
			runOnlyForDeploymentPostprocessing = 0;
		};
		804F336727A1E90D0093F4CC /* Frameworks */ = {
			isa = PBXFrameworksBuildPhase;
			buildActionMask = 2147483647;
			files = (
			);
			runOnlyForDeploymentPostprocessing = 0;
		};
		804F337127A1E90D0093F4CC /* Frameworks */ = {
			isa = PBXFrameworksBuildPhase;
			buildActionMask = 2147483647;
			files = (
			);
			runOnlyForDeploymentPostprocessing = 0;
		};
/* End PBXFrameworksBuildPhase section */

/* Begin PBXGroup section */
		804F335127A1E90C0093F4CC = {
			isa = PBXGroup;
			children = (
				804F335C27A1E90C0093F4CC /* calculator */,
				804F336D27A1E90D0093F4CC /* calculatorTests */,
				804F337727A1E90D0093F4CC /* calculatorUITests */,
				804F335B27A1E90C0093F4CC /* Products */,
			);
			sourceTree = "<group>";
		};
		804F335B27A1E90C0093F4CC /* Products */ = {
			isa = PBXGroup;
			children = (
				804F335A27A1E90C0093F4CC /* calculator.app */,
				804F336A27A1E90D0093F4CC /* calculatorTests.xctest */,
				804F337427A1E90D0093F4CC /* calculatorUITests.xctest */,
			);
			name = Products;
			sourceTree = "<group>";
		};
		804F335C27A1E90C0093F4CC /* calculator */ = {
			isa = PBXGroup;
			children = (
				804F335D27A1E90C0093F4CC /* calculatorApp.swift */,
				804F335F27A1E90C0093F4CC /* ContentView.swift */,
				80E0A5F627A57A28008AC2FA /* buttons.swift */,
				80E0A5F827A57A3F008AC2FA /* ButtonsView.swift */,
				80E0A5FA27A57A73008AC2FA /* ContentView-2.swift */,
				804F336127A1E90D0093F4CC /* Assets.xcassets */,
				804F336327A1E90D0093F4CC /* Preview Content */,
			);
			path = calculator;
			sourceTree = "<group>";
		};
		804F336327A1E90D0093F4CC /* Preview Content */ = {
			isa = PBXGroup;
			children = (
				804F336427A1E90D0093F4CC /* Preview Assets.xcassets */,
			);
			path = "Preview Content";
			sourceTree = "<group>";
		};
		804F336D27A1E90D0093F4CC /* calculatorTests */ = {
			isa = PBXGroup;
			children = (
				804F336E27A1E90D0093F4CC /* calculatorTests.swift */,
			);
			path = calculatorTests;
			sourceTree = "<group>";
		};
		804F337727A1E90D0093F4CC /* calculatorUITests */ = {
			isa = PBXGroup;
			children = (
				804F337827A1E90D0093F4CC /* calculatorUITests.swift */,
				804F337A27A1E90D0093F4CC /* calculatorUITestsLaunchTests.swift */,
			);
			path = calculatorUITests;
			sourceTree = "<group>";
		};
/* End PBXGroup section */

/* Begin PBXNativeTarget section */
		804F335927A1E90C0093F4CC /* calculator */ = {
			isa = PBXNativeTarget;
			buildConfigurationList = 804F337E27A1E90D0093F4CC /* Build configuration list for PBXNativeTarget "calculator" */;
			buildPhases = (
				804F335627A1E90C0093F4CC /* Sources */,
				804F335727A1E90C0093F4CC /* Frameworks */,
				804F335827A1E90C0093F4CC /* Resources */,
			);
			buildRules = (
			);
			dependencies = (
			);
			name = calculator;
			productName = calculator;
			productReference = 804F335A27A1E90C0093F4CC /* calculator.app */;
			productType = "com.apple.product-type.application";
		};
		804F336927A1E90D0093F4CC /* calculatorTests */ = {
			isa = PBXNativeTarget;
			buildConfigurationList = 804F338127A1E90D0093F4CC /* Build configuration list for PBXNativeTarget "calculatorTests" */;
			buildPhases = (
				804F336627A1E90D0093F4CC /* Sources */,
				804F336727A1E90D0093F4CC /* Frameworks */,
				804F336827A1E90D0093F4CC /* Resources */,
			);
			buildRules = (
			);
			dependencies = (
				804F336C27A1E90D0093F4CC /* PBXTargetDependency */,
			);
			name = calculatorTests;
			productName = calculatorTests;
			productReference = 804F336A27A1E90D0093F4CC /* calculatorTests.xctest */;
			productType = "com.apple.product-type.bundle.unit-test";
		};
		804F337327A1E90D0093F4CC /* calculatorUITests */ = {
			isa = PBXNativeTarget;
			buildConfigurationList = 804F338427A1E90D0093F4CC /* Build configuration list for PBXNativeTarget "calculatorUITests" */;
			buildPhases = (
				804F337027A1E90D0093F4CC /* Sources */,
				804F337127A1E90D0093F4CC /* Frameworks */,
				804F337227A1E90D0093F4CC /* Resources */,
			);
			buildRules = (
			);
			dependencies = (
				804F337627A1E90D0093F4CC /* PBXTargetDependency */,
			);
			name = calculatorUITests;
			productName = calculatorUITests;
			productReference = 804F337427A1E90D0093F4CC /* calculatorUITests.xctest */;
			productType = "com.apple.product-type.bundle.ui-testing";
		};
/* End PBXNativeTarget section */

/* Begin PBXProject section */
		804F335227A1E90C0093F4CC /* Project object */ = {
			isa = PBXProject;
			attributes = {
				BuildIndependentTargetsInParallel = 1;
				LastSwiftUpdateCheck = 1320;
				LastUpgradeCheck = 1320;
				TargetAttributes = {
					804F335927A1E90C0093F4CC = {
						CreatedOnToolsVersion = 13.2.1;
					};
					804F336927A1E90D0093F4CC = {
						CreatedOnToolsVersion = 13.2.1;
						TestTargetID = 804F335927A1E90C0093F4CC;
					};
					804F337327A1E90D0093F4CC = {
						CreatedOnToolsVersion = 13.2.1;
						TestTargetID = 804F335927A1E90C0093F4CC;
					};
				};
			};
			buildConfigurationList = 804F335527A1E90C0093F4CC /* Build configuration list for PBXProject "calculator" */;
			compatibilityVersion = "Xcode 13.0";
			developmentRegion = en;
			hasScannedForEncodings = 0;
			knownRegions = (
				en,
				Base,
			);
			mainGroup = 804F335127A1E90C0093F4CC;
			productRefGroup = 804F335B27A1E90C0093F4CC /* Products */;
			projectDirPath = "";
			projectRoot = "";
			targets = (
				804F335927A1E90C0093F4CC /* calculator */,
				804F336927A1E90D0093F4CC /* calculatorTests */,
				804F337327A1E90D0093F4CC /* calculatorUITests */,
			);
		};
/* End PBXProject section */

/* Begin PBXResourcesBuildPhase section */
		804F335827A1E90C0093F4CC /* Resources */ = {
			isa = PBXResourcesBuildPhase;
			buildActionMask = 2147483647;
			files = (
				804F336527A1E90D0093F4CC /* Preview Assets.xcassets in Resources */,
				804F336227A1E90D0093F4CC /* Assets.xcassets in Resources */,
			);
			runOnlyForDeploymentPostprocessing = 0;
		};
		804F336827A1E90D0093F4CC /* Resources */ = {
			isa = PBXResourcesBuildPhase;
			buildActionMask = 2147483647;
			files = (
			);
			runOnlyForDeploymentPostprocessing = 0;
		};
		804F337227A1E90D0093F4CC /* Resources */ = {
			isa = PBXResourcesBuildPhase;
			buildActionMask = 2147483647;
			files = (
			);
			runOnlyForDeploymentPostprocessing = 0;
		};
/* End PBXResourcesBuildPhase section */

/* Begin PBXSourcesBuildPhase section */
		804F335627A1E90C0093F4CC /* Sources */ = {
			isa = PBXSourcesBuildPhase;
			buildActionMask = 2147483647;
			files = (
				804F336027A1E90C0093F4CC /* ContentView.swift in Sources */,
				80E0A5FB27A57A73008AC2FA /* ContentView-2.swift in Sources */,
				80E0A5F727A57A28008AC2FA /* buttons.swift in Sources */,
				80E0A5F927A57A3F008AC2FA /* ButtonsView.swift in Sources */,
				804F335E27A1E90C0093F4CC /* calculatorApp.swift in Sources */,
			);
			runOnlyForDeploymentPostprocessing = 0;
		};
		804F336627A1E90D0093F4CC /* Sources */ = {
			isa = PBXSourcesBuildPhase;
			buildActionMask = 2147483647;
			files = (
				804F336F27A1E90D0093F4CC /* calculatorTests.swift in Sources */,
			);
			runOnlyForDeploymentPostprocessing = 0;
		};
		804F337027A1E90D0093F4CC /* Sources */ = {
			isa = PBXSourcesBuildPhase;
			buildActionMask = 2147483647;
			files = (
				804F337B27A1E90D0093F4CC /* calculatorUITestsLaunchTests.swift in Sources */,
				804F337927A1E90D0093F4CC /* calculatorUITests.swift in Sources */,
			);
			runOnlyForDeploymentPostprocessing = 0;
		};
/* End PBXSourcesBuildPhase section */

/* Begin PBXTargetDependency section */
		804F336C27A1E90D0093F4CC /* PBXTargetDependency */ = {
			isa = PBXTargetDependency;
			target = 804F335927A1E90C0093F4CC /* calculator */;
			targetProxy = 804F336B27A1E90D0093F4CC /* PBXContainerItemProxy */;
		};
		804F337627A1E90D0093F4CC /* PBXTargetDependency */ = {
			isa = PBXTargetDependency;
			target = 804F335927A1E90C0093F4CC /* calculator */;
			targetProxy = 804F337527A1E90D0093F4CC /* PBXContainerItemProxy */;
		};
/* End PBXTargetDependency section */

/* Begin XCBuildConfiguration section */
		804F337C27A1E90D0093F4CC /* Debug */ = {
			isa = XCBuildConfiguration;
			buildSettings = {
				ALWAYS_SEARCH_USER_PATHS = NO;
				CLANG_ANALYZER_NONNULL = YES;
				CLANG_ANALYZER_NUMBER_OBJECT_CONVERSION = YES_AGGRESSIVE;
				CLANG_CXX_LANGUAGE_STANDARD = "gnu++17";
				CLANG_CXX_LIBRARY = "libc++";
				CLANG_ENABLE_MODULES = YES;
				CLANG_ENABLE_OBJC_ARC = YES;
				CLANG_ENABLE_OBJC_WEAK = YES;
				CLANG_WARN_BLOCK_CAPTURE_AUTORELEASING = YES;
				CLANG_WARN_BOOL_CONVERSION = YES;
				CLANG_WARN_COMMA = YES;
				CLANG_WARN_CONSTANT_CONVERSION = YES;
				CLANG_WARN_DEPRECATED_OBJC_IMPLEMENTATIONS = YES;
				CLANG_WARN_DIRECT_OBJC_ISA_USAGE = YES_ERROR;
				CLANG_WARN_DOCUMENTATION_COMMENTS = YES;
				CLANG_WARN_EMPTY_BODY = YES;
				CLANG_WARN_ENUM_CONVERSION = YES;
				CLANG_WARN_INFINITE_RECURSION = YES;
				CLANG_WARN_INT_CONVERSION = YES;
				CLANG_WARN_NON_LITERAL_NULL_CONVERSION = YES;
				CLANG_WARN_OBJC_IMPLICIT_RETAIN_SELF = YES;
				CLANG_WARN_OBJC_LITERAL_CONVERSION = YES;
				CLANG_WARN_OBJC_ROOT_CLASS = YES_ERROR;
				CLANG_WARN_QUOTED_INCLUDE_IN_FRAMEWORK_HEADER = YES;
				CLANG_WARN_RANGE_LOOP_ANALYSIS = YES;
				CLANG_WARN_STRICT_PROTOTYPES = YES;
				CLANG_WARN_SUSPICIOUS_MOVE = YES;
				CLANG_WARN_UNGUARDED_AVAILABILITY = YES_AGGRESSIVE;
				CLANG_WARN_UNREACHABLE_CODE = YES;
				CLANG_WARN__DUPLICATE_METHOD_MATCH = YES;
				COPY_PHASE_STRIP = NO;
				DEBUG_INFORMATION_FORMAT = dwarf;
				ENABLE_STRICT_OBJC_MSGSEND = YES;
				ENABLE_TESTABILITY = YES;
				GCC_C_LANGUAGE_STANDARD = gnu11;
				GCC_DYNAMIC_NO_PIC = NO;
				GCC_NO_COMMON_BLOCKS = YES;
				GCC_OPTIMIZATION_LEVEL = 0;
				GCC_PREPROCESSOR_DEFINITIONS = (
					"DEBUG=1",
					"$(inherited)",
				);
				GCC_WARN_64_TO_32_BIT_CONVERSION = YES;
				GCC_WARN_ABOUT_RETURN_TYPE = YES_ERROR;
				GCC_WARN_UNDECLARED_SELECTOR = YES;
				GCC_WARN_UNINITIALIZED_AUTOS = YES_AGGRESSIVE;
				GCC_WARN_UNUSED_FUNCTION = YES;
				GCC_WARN_UNUSED_VARIABLE = YES;
				IPHONEOS_DEPLOYMENT_TARGET = 15.2;
				MTL_ENABLE_DEBUG_INFO = INCLUDE_SOURCE;
				MTL_FAST_MATH = YES;
				ONLY_ACTIVE_ARCH = YES;
				SDKROOT = iphoneos;
				SWIFT_ACTIVE_COMPILATION_CONDITIONS = DEBUG;
				SWIFT_OPTIMIZATION_LEVEL = "-Onone";
			};
			name = Debug;
		};
		804F337D27A1E90D0093F4CC /* Release */ = {
			isa = XCBuildConfiguration;
			buildSettings = {
				ALWAYS_SEARCH_USER_PATHS = NO;
				CLANG_ANALYZER_NONNULL = YES;
				CLANG_ANALYZER_NUMBER_OBJECT_CONVERSION = YES_AGGRESSIVE;
				CLANG_CXX_LANGUAGE_STANDARD = "gnu++17";
				CLANG_CXX_LIBRARY = "libc++";
				CLANG_ENABLE_MODULES = YES;
				CLANG_ENABLE_OBJC_ARC = YES;
				CLANG_ENABLE_OBJC_WEAK = YES;
				CLANG_WARN_BLOCK_CAPTURE_AUTORELEASING = YES;
				CLANG_WARN_BOOL_CONVERSION = YES;
				CLANG_WARN_COMMA = YES;
				CLANG_WARN_CONSTANT_CONVERSION = YES;
				CLANG_WARN_DEPRECATED_OBJC_IMPLEMENTATIONS = YES;
				CLANG_WARN_DIRECT_OBJC_ISA_USAGE = YES_ERROR;
				CLANG_WARN_DOCUMENTATION_COMMENTS = YES;
				CLANG_WARN_EMPTY_BODY = YES;
				CLANG_WARN_ENUM_CONVERSION = YES;
				CLANG_WARN_INFINITE_RECURSION = YES;
				CLANG_WARN_INT_CONVERSION = YES;
				CLANG_WARN_NON_LITERAL_NULL_CONVERSION = YES;
				CLANG_WARN_OBJC_IMPLICIT_RETAIN_SELF = YES;
				CLANG_WARN_OBJC_LITERAL_CONVERSION = YES;
				CLANG_WARN_OBJC_ROOT_CLASS = YES_ERROR;
				CLANG_WARN_QUOTED_INCLUDE_IN_FRAMEWORK_HEADER = YES;
				CLANG_WARN_RANGE_LOOP_ANALYSIS = YES;
				CLANG_WARN_STRICT_PROTOTYPES = YES;
				CLANG_WARN_SUSPICIOUS_MOVE = YES;
				CLANG_WARN_UNGUARDED_AVAILABILITY = YES_AGGRESSIVE;
				CLANG_WARN_UNREACHABLE_CODE = YES;
				CLANG_WARN__DUPLICATE_METHOD_MATCH = YES;
				COPY_PHASE_STRIP = NO;
				DEBUG_INFORMATION_FORMAT = "dwarf-with-dsym";
				ENABLE_NS_ASSERTIONS = NO;
				ENABLE_STRICT_OBJC_MSGSEND = YES;
				GCC_C_LANGUAGE_STANDARD = gnu11;
				GCC_NO_COMMON_BLOCKS = YES;
				GCC_WARN_64_TO_32_BIT_CONVERSION = YES;
				GCC_WARN_ABOUT_RETURN_TYPE = YES_ERROR;
				GCC_WARN_UNDECLARED_SELECTOR = YES;
				GCC_WARN_UNINITIALIZED_AUTOS = YES_AGGRESSIVE;
				GCC_WARN_UNUSED_FUNCTION = YES;
				GCC_WARN_UNUSED_VARIABLE = YES;
				IPHONEOS_DEPLOYMENT_TARGET = 15.2;
				MTL_ENABLE_DEBUG_INFO = NO;
				MTL_FAST_MATH = YES;
				SDKROOT = iphoneos;
				SWIFT_COMPILATION_MODE = wholemodule;
				SWIFT_OPTIMIZATION_LEVEL = "-O";
				VALIDATE_PRODUCT = YES;
			};
			name = Release;
		};
		804F337F27A1E90D0093F4CC /* Debug */ = {
			isa = XCBuildConfiguration;
			buildSettings = {
				ASSETCATALOG_COMPILER_APPICON_NAME = AppIcon;
				ASSETCATALOG_COMPILER_GLOBAL_ACCENT_COLOR_NAME = AccentColor;
				CODE_SIGN_STYLE = Automatic;
				CURRENT_PROJECT_VERSION = 1;
				DEVELOPMENT_ASSET_PATHS = "\"calculator/Preview Content\"";
				DEVELOPMENT_TEAM = S32V43V72Q;
				ENABLE_PREVIEWS = YES;
				GENERATE_INFOPLIST_FILE = YES;
				INFOPLIST_KEY_UIApplicationSceneManifest_Generation = YES;
				INFOPLIST_KEY_UIApplicationSupportsIndirectInputEvents = YES;
				INFOPLIST_KEY_UILaunchScreen_Generation = YES;
				INFOPLIST_KEY_UISupportedInterfaceOrientations_iPad = "UIInterfaceOrientationPortrait UIInterfaceOrientationPortraitUpsideDown UIInterfaceOrientationLandscapeLeft UIInterfaceOrientationLandscapeRight";
				INFOPLIST_KEY_UISupportedInterfaceOrientations_iPhone = "UIInterfaceOrientationPortrait UIInterfaceOrientationLandscapeLeft UIInterfaceOrientationLandscapeRight";
				LD_RUNPATH_SEARCH_PATHS = (
					"$(inherited)",
					"@executable_path/Frameworks",
				);
				MARKETING_VERSION = 1.0;
				PRODUCT_BUNDLE_IDENTIFIER = "app.calculator-2";
				PRODUCT_NAME = "$(TARGET_NAME)";
				SWIFT_EMIT_LOC_STRINGS = YES;
				SWIFT_VERSION = 5.0;
				TARGETED_DEVICE_FAMILY = "1,2";
			};
			name = Debug;
		};
		804F338027A1E90D0093F4CC /* Release */ = {
			isa = XCBuildConfiguration;
			buildSettings = {
				ASSETCATALOG_COMPILER_APPICON_NAME = AppIcon;
				ASSETCATALOG_COMPILER_GLOBAL_ACCENT_COLOR_NAME = AccentColor;
				CODE_SIGN_STYLE = Automatic;
				CURRENT_PROJECT_VERSION = 1;
				DEVELOPMENT_ASSET_PATHS = "\"calculator/Preview Content\"";
				DEVELOPMENT_TEAM = S32V43V72Q;
				ENABLE_PREVIEWS = YES;
				GENERATE_INFOPLIST_FILE = YES;
				INFOPLIST_KEY_UIApplicationSceneManifest_Generation = YES;
				INFOPLIST_KEY_UIApplicationSupportsIndirectInputEvents = YES;
				INFOPLIST_KEY_UILaunchScreen_Generation = YES;
				INFOPLIST_KEY_UISupportedInterfaceOrientations_iPad = "UIInterfaceOrientationPortrait UIInterfaceOrientationPortraitUpsideDown UIInterfaceOrientationLandscapeLeft UIInterfaceOrientationLandscapeRight";
				INFOPLIST_KEY_UISupportedInterfaceOrientations_iPhone = "UIInterfaceOrientationPortrait UIInterfaceOrientationLandscapeLeft UIInterfaceOrientationLandscapeRight";
				LD_RUNPATH_SEARCH_PATHS = (
					"$(inherited)",
					"@executable_path/Frameworks",
				);
				MARKETING_VERSION = 1.0;
				PRODUCT_BUNDLE_IDENTIFIER = "app.calculator-2";
				PRODUCT_NAME = "$(TARGET_NAME)";
				SWIFT_EMIT_LOC_STRINGS = YES;
				SWIFT_VERSION = 5.0;
				TARGETED_DEVICE_FAMILY = "1,2";
			};
			name = Release;
		};
		804F338227A1E90D0093F4CC /* Debug */ = {
			isa = XCBuildConfiguration;
			buildSettings = {
				ALWAYS_EMBED_SWIFT_STANDARD_LIBRARIES = YES;
				BUNDLE_LOADER = "$(TEST_HOST)";
				CODE_SIGN_STYLE = Automatic;
				CURRENT_PROJECT_VERSION = 1;
				GENERATE_INFOPLIST_FILE = YES;
				IPHONEOS_DEPLOYMENT_TARGET = 15.2;
				MARKETING_VERSION = 1.0;
				PRODUCT_BUNDLE_IDENTIFIER = app.calculatorTests;
				PRODUCT_NAME = "$(TARGET_NAME)";
				SWIFT_EMIT_LOC_STRINGS = NO;
				SWIFT_VERSION = 5.0;
				TARGETED_DEVICE_FAMILY = "1,2";
				TEST_HOST = "$(BUILT_PRODUCTS_DIR)/calculator.app/calculator";
			};
			name = Debug;
		};
		804F338327A1E90D0093F4CC /* Release */ = {
			isa = XCBuildConfiguration;
			buildSettings = {
				ALWAYS_EMBED_SWIFT_STANDARD_LIBRARIES = YES;
				BUNDLE_LOADER = "$(TEST_HOST)";
				CODE_SIGN_STYLE = Automatic;
				CURRENT_PROJECT_VERSION = 1;
				GENERATE_INFOPLIST_FILE = YES;
				IPHONEOS_DEPLOYMENT_TARGET = 15.2;
				MARKETING_VERSION = 1.0;
				PRODUCT_BUNDLE_IDENTIFIER = app.calculatorTests;
				PRODUCT_NAME = "$(TARGET_NAME)";
				SWIFT_EMIT_LOC_STRINGS = NO;
				SWIFT_VERSION = 5.0;
				TARGETED_DEVICE_FAMILY = "1,2";
				TEST_HOST = "$(BUILT_PRODUCTS_DIR)/calculator.app/calculator";
			};
			name = Release;
		};
		804F338527A1E90D0093F4CC /* Debug */ = {
			isa = XCBuildConfiguration;
			buildSettings = {
				ALWAYS_EMBED_SWIFT_STANDARD_LIBRARIES = YES;
				CODE_SIGN_STYLE = Automatic;
				CURRENT_PROJECT_VERSION = 1;
				GENERATE_INFOPLIST_FILE = YES;
				MARKETING_VERSION = 1.0;
				PRODUCT_BUNDLE_IDENTIFIER = app.calculatorUITests;
				PRODUCT_NAME = "$(TARGET_NAME)";
				SWIFT_EMIT_LOC_STRINGS = NO;
				SWIFT_VERSION = 5.0;
				TARGETED_DEVICE_FAMILY = "1,2";
				TEST_TARGET_NAME = calculator;
			};
			name = Debug;
		};
		804F338627A1E90D0093F4CC /* Release */ = {
			isa = XCBuildConfiguration;
			buildSettings = {
				ALWAYS_EMBED_SWIFT_STANDARD_LIBRARIES = YES;
				CODE_SIGN_STYLE = Automatic;
				CURRENT_PROJECT_VERSION = 1;
				GENERATE_INFOPLIST_FILE = YES;
				MARKETING_VERSION = 1.0;
				PRODUCT_BUNDLE_IDENTIFIER = app.calculatorUITests;
				PRODUCT_NAME = "$(TARGET_NAME)";
				SWIFT_EMIT_LOC_STRINGS = NO;
				SWIFT_VERSION = 5.0;
				TARGETED_DEVICE_FAMILY = "1,2";
				TEST_TARGET_NAME = calculator;
			};
			name = Release;
		};
/* End XCBuildConfiguration section */

/* Begin XCConfigurationList section */
		804F335527A1E90C0093F4CC /* Build configuration list for PBXProject "calculator" */ = {
			isa = XCConfigurationList;
			buildConfigurations = (
				804F337C27A1E90D0093F4CC /* Debug */,
				804F337D27A1E90D0093F4CC /* Release */,
			);
			defaultConfigurationIsVisible = 0;
			defaultConfigurationName = Release;
		};
		804F337E27A1E90D0093F4CC /* Build configuration list for PBXNativeTarget "calculator" */ = {
			isa = XCConfigurationList;
			buildConfigurations = (
				804F337F27A1E90D0093F4CC /* Debug */,
				804F338027A1E90D0093F4CC /* Release */,
			);
			defaultConfigurationIsVisible = 0;
			defaultConfigurationName = Release;
		};
		804F338127A1E90D0093F4CC /* Build configuration list for PBXNativeTarget "calculatorTests" */ = {
			isa = XCConfigurationList;
			buildConfigurations = (
				804F338227A1E90D0093F4CC /* Debug */,
				804F338327A1E90D0093F4CC /* Release */,
			);
			defaultConfigurationIsVisible = 0;
			defaultConfigurationName = Release;
		};
		804F338427A1E90D0093F4CC /* Build configuration list for PBXNativeTarget "calculatorUITests" */ = {
			isa = XCConfigurationList;
			buildConfigurations = (
				804F338527A1E90D0093F4CC /* Debug */,
				804F338627A1E90D0093F4CC /* Release */,
			);
			defaultConfigurationIsVisible = 0;
			defaultConfigurationName = Release;
		};
/* End XCConfigurationList section */
	};
	rootObject = 804F335227A1E90C0093F4CC /* Project object */;
}
